Microsoft Visual Studio Solution File, Format Version 12.00
# Visual Studio Version 17
VisualStudioVersion = 17.5.2.0
MinimumVisualStudioVersion = 10.0.40219.1
Project("{2150E333-8FDC-42A3-9474-1A3956D46DE8}") = "1. Variables", "1. Variables", "{C2575246-48CB-BB2F-9481-2FDDB06B4D94}"
EndProject
Project("{2150E333-8FDC-42A3-9474-1A3956D46DE8}") = "2. Operators", "2. Operators", "{245664A6-B203-F389-097A-07DBA6890B0E}"
EndProject
Project("{2150E333-8FDC-42A3-9474-1A3956D46DE8}") = "3. Control Structures", "3. Control Structures", "{6746BC08-082B-7332-38BA-1DA3128D4F2E}"
EndProject
Project("{2150E333-8FDC-42A3-9474-1A3956D46DE8}") = "4. Data Structures", "4. Data Structures", "{E97C109B-A085-9BAE-96A8-2D87037FDA6A}"
EndProject
Project("{FAE04EC0-301F-11D3-BF4B-00C04F79EFBC}") = "Variables", "1. Variables\Variables\Variables.csproj", "{09AED311-1692-A8B6-B31D-6FC75A48390F}"
EndProject
Project("{FAE04EC0-301F-11D3-BF4B-00C04F79EFBC}") = "Operators", "2. Operators\Operators\Operators.csproj", "{416FC3FA-2D8B-5038-6011-2BD255349631}"
EndProject
Project("{FAE04EC0-301F-11D3-BF4B-00C04F79EFBC}") = "1. Conditional Statements - If", "3. Control Structures\1. Conditional Statements - If\1. Conditional Statements - If.csproj", "{0E819763-4FB4-9A35-DA01-C4792437B1DC}"
EndProject
Project("{FAE04EC0-301F-11D3-BF4B-00C04F79EFBC}") = "2. Loops", "3. Control Structures\2. Loops\2. Loops.csproj", "{356A4844-EE28-10E2-C63F-59BCE114E6F1}"
EndProject
Project("{FAE04EC0-301F-11D3-BF4B-00C04F79EFBC}") = "1. List", "4. Data Structures\1. List\1. List.csproj", "{98A86BF6-617D-299C-8291-D8199E025851}"
EndProject
Project("{FAE04EC0-301F-11D3-BF4B-00C04F79EFBC}") = "2. Arrays", "4. Data Structures\2. Arrays\2. Arrays.csproj", "{1CBDCDEA-E598-C644-813B-7665B1D439E9}"
EndProject
Project("{FAE04EC0-301F-11D3-BF4B-00C04F79EFBC}") = "3. Linked List", "4. Data Structures\3. Linked List\3. Linked List.csproj", "{F4057807-FA75-BD0E-6BAF-8E52A826B7E3}"
EndProject
Project("{FAE04EC0-301F-11D3-BF4B-00C04F79EFBC}") = "4. Dictionaries", "4. Data Structures\4. Dictionaries\4. Dictionaries.csproj", "{E7CF00FC-A5A0-CAB7-D6A1-FC2E672B5A5E}"
EndProject
Project("{FAE04EC0-301F-11D3-BF4B-00C04F79EFBC}") = "5. Stacks", "4. Data Structures\5. Stacks\5. Stacks.csproj", "{0FD767AE-9B0E-69B2-00BE-BE5113657EE1}"
EndProject
Project("{FAE04EC0-301F-11D3-BF4B-00C04F79EFBC}") = "6. Queue", "4. Data Structures\6. Queue\6. Queue.csproj", "{037E4DBB-4516-D1A0-F7BF-348FF0BE43C5}"
EndProject
Global
	GlobalSection(SolutionConfigurationPlatforms) = preSolution
		Debug|Any CPU = Debug|Any CPU
		Release|Any CPU = Release|Any CPU
	EndGlobalSection
	GlobalSection(ProjectConfigurationPlatforms) = postSolution
		{09AED311-1692-A8B6-B31D-6FC75A48390F}.Debug|Any CPU.ActiveCfg = Debug|Any CPU
		{09AED311-1692-A8B6-B31D-6FC75A48390F}.Debug|Any CPU.Build.0 = Debug|Any CPU
		{09AED311-1692-A8B6-B31D-6FC75A48390F}.Release|Any CPU.ActiveCfg = Release|Any CPU
		{09AED311-1692-A8B6-B31D-6FC75A48390F}.Release|Any CPU.Build.0 = Release|Any CPU
		{416FC3FA-2D8B-5038-6011-2BD255349631}.Debug|Any CPU.ActiveCfg = Debug|Any CPU
		{416FC3FA-2D8B-5038-6011-2BD255349631}.Debug|Any CPU.Build.0 = Debug|Any CPU
		{416FC3FA-2D8B-5038-6011-2BD255349631}.Release|Any CPU.ActiveCfg = Release|Any CPU
		{416FC3FA-2D8B-5038-6011-2BD255349631}.Release|Any CPU.Build.0 = Release|Any CPU
		{0E819763-4FB4-9A35-DA01-C4792437B1DC}.Debug|Any CPU.ActiveCfg = Debug|Any CPU
		{0E819763-4FB4-9A35-DA01-C4792437B1DC}.Debug|Any CPU.Build.0 = Debug|Any CPU
		{0E819763-4FB4-9A35-DA01-C4792437B1DC}.Release|Any CPU.ActiveCfg = Release|Any CPU
		{0E819763-4FB4-9A35-DA01-C4792437B1DC}.Release|Any CPU.Build.0 = Release|Any CPU
		{356A4844-EE28-10E2-C63F-59BCE114E6F1}.Debug|Any CPU.ActiveCfg = Debug|Any CPU
		{356A4844-EE28-10E2-C63F-59BCE114E6F1}.Debug|Any CPU.Build.0 = Debug|Any CPU
		{356A4844-EE28-10E2-C63F-59BCE114E6F1}.Release|Any CPU.ActiveCfg = Release|Any CPU
		{356A4844-EE28-10E2-C63F-59BCE114E6F1}.Release|Any CPU.Build.0 = Release|Any CPU
		{98A86BF6-617D-299C-8291-D8199E025851}.Debug|Any CPU.ActiveCfg = Debug|Any CPU
		{98A86BF6-617D-299C-8291-D8199E025851}.Debug|Any CPU.Build.0 = Debug|Any CPU
		{98A86BF6-617D-299C-8291-D8199E025851}.Release|Any CPU.ActiveCfg = Release|Any CPU
		{98A86BF6-617D-299C-8291-D8199E025851}.Release|Any CPU.Build.0 = Release|Any CPU
		{1CBDCDEA-E598-C644-813B-7665B1D439E9}.Debug|Any CPU.ActiveCfg = Debug|Any CPU
		{1CBDCDEA-E598-C644-813B-7665B1D439E9}.Debug|Any CPU.Build.0 = Debug|Any CPU
		{1CBDCDEA-E598-C644-813B-7665B1D439E9}.Release|Any CPU.ActiveCfg = Release|Any CPU
		{1CBDCDEA-E598-C644-813B-7665B1D439E9}.Release|Any CPU.Build.0 = Release|Any CPU
		{F4057807-FA75-BD0E-6BAF-8E52A826B7E3}.Debug|Any CPU.ActiveCfg = Debug|Any CPU
		{F4057807-FA75-BD0E-6BAF-8E52A826B7E3}.Debug|Any CPU.Build.0 = Debug|Any CPU
		{F4057807-FA75-BD0E-6BAF-8E52A826B7E3}.Release|Any CPU.ActiveCfg = Release|Any CPU
		{F4057807-FA75-BD0E-6BAF-8E52A826B7E3}.Release|Any CPU.Build.0 = Release|Any CPU
		{E7CF00FC-A5A0-CAB7-D6A1-FC2E672B5A5E}.Debug|Any CPU.ActiveCfg = Debug|Any CPU
		{E7CF00FC-A5A0-CAB7-D6A1-FC2E672B5A5E}.Debug|Any CPU.Build.0 = Debug|Any CPU
		{E7CF00FC-A5A0-CAB7-D6A1-FC2E672B5A5E}.Release|Any CPU.ActiveCfg = Release|Any CPU
		{E7CF00FC-A5A0-CAB7-D6A1-FC2E672B5A5E}.Release|Any CPU.Build.0 = Release|Any CPU
		{0FD767AE-9B0E-69B2-00BE-BE5113657EE1}.Debug|Any CPU.ActiveCfg = Debug|Any CPU
		{0FD767AE-9B0E-69B2-00BE-BE5113657EE1}.Debug|Any CPU.Build.0 = Debug|Any CPU
		{0FD767AE-9B0E-69B2-00BE-BE5113657EE1}.Release|Any CPU.ActiveCfg = Release|Any CPU
		{0FD767AE-9B0E-69B2-00BE-BE5113657EE1}.Release|Any CPU.Build.0 = Release|Any CPU
		{037E4DBB-4516-D1A0-F7BF-348FF0BE43C5}.Debug|Any CPU.ActiveCfg = Debug|Any CPU
		{037E4DBB-4516-D1A0-F7BF-348FF0BE43C5}.Debug|Any CPU.Build.0 = Debug|Any CPU
		{037E4DBB-4516-D1A0-F7BF-348FF0BE43C5}.Release|Any CPU.ActiveCfg = Release|Any CPU
		{037E4DBB-4516-D1A0-F7BF-348FF0BE43C5}.Release|Any CPU.Build.0 = Release|Any CPU
	EndGlobalSection
	GlobalSection(SolutionProperties) = preSolution
		HideSolutionNode = FALSE
	EndGlobalSection
	GlobalSection(NestedProjects) = preSolution
		{09AED311-1692-A8B6-B31D-6FC75A48390F} = {C2575246-48CB-BB2F-9481-2FDDB06B4D94}
		{416FC3FA-2D8B-5038-6011-2BD255349631} = {245664A6-B203-F389-097A-07DBA6890B0E}
		{0E819763-4FB4-9A35-DA01-C4792437B1DC} = {6746BC08-082B-7332-38BA-1DA3128D4F2E}
		{356A4844-EE28-10E2-C63F-59BCE114E6F1} = {6746BC08-082B-7332-38BA-1DA3128D4F2E}
		{98A86BF6-617D-299C-8291-D8199E025851} = {E97C109B-A085-9BAE-96A8-2D87037FDA6A}
		{1CBDCDEA-E598-C644-813B-7665B1D439E9} = {E97C109B-A085-9BAE-96A8-2D87037FDA6A}
		{F4057807-FA75-BD0E-6BAF-8E52A826B7E3} = {E97C109B-A085-9BAE-96A8-2D87037FDA6A}
		{E7CF00FC-A5A0-CAB7-D6A1-FC2E672B5A5E} = {E97C109B-A085-9BAE-96A8-2D87037FDA6A}
		{0FD767AE-9B0E-69B2-00BE-BE5113657EE1} = {E97C109B-A085-9BAE-96A8-2D87037FDA6A}
		{037E4DBB-4516-D1A0-F7BF-348FF0BE43C5} = {E97C109B-A085-9BAE-96A8-2D87037FDA6A}
	EndGlobalSection
	GlobalSection(ExtensibilityGlobals) = postSolution
		SolutionGuid = {51F4E2FF-66DC-48A8-8D02-CC6321C26A6B}
	EndGlobalSection
EndGlobal
